
Microsoft Visual Studio Solution File, Format Version 12.00
# Visual Studio Version 16
VisualStudioVersion = 16.0.29021.104
MinimumVisualStudioVersion = 10.0.40219.1
Project("{9A19103F-16F7-4668-BE54-9A1E7A4F7556}") = "RabbitMQExample.Console", "RabbitMQExample\RabbitMQExample.Console.csproj", "{CA41244D-B451-4D6D-B502-48A7EA7DBB66}"
EndProject
Project("{9A19103F-16F7-4668-BE54-9A1E7A4F7556}") = "RabbitMQExample.Model", "RabbitMQExample.Model\RabbitMQExample.Model.csproj", "{F31A9D98-37ED-4BD6-94EC-8FCAEB3F43B7}"
EndProject
Project("{9A19103F-16F7-4668-BE54-9A1E7A4F7556}") = "RabbitMQExample.Infrastructure", "RabbitMQExample.Infrastructure\RabbitMQExample.Infrastructure.csproj", "{74FC1E24-4631-455E-85FF-36FDDD5A6F70}"
EndProject
Project("{9A19103F-16F7-4668-BE54-9A1E7A4F7556}") = "RabbitMQExample.AMQP", "RabbitMQExample.AMQP\RabbitMQExample.AMQP.csproj", "{32904948-91E4-4033-A0D3-26884909473D}"
EndProject
Project("{FAE04EC0-301F-11D3-BF4B-00C04F79EFBC}") = "RabbirMQExample.Test", "RabbirMQExample.Test\RabbirMQExample.Test.csproj", "{11F0D241-A36C-4545-B7BB-556F2BCD07A6}"
EndProject
Global
	GlobalSection(SolutionConfigurationPlatforms) = preSolution
		Debug|Any CPU = Debug|Any CPU
		Release|Any CPU = Release|Any CPU
	EndGlobalSection
	GlobalSection(ProjectConfigurationPlatforms) = postSolution
		{CA41244D-B451-4D6D-B502-48A7EA7DBB66}.Debug|Any CPU.ActiveCfg = Debug|Any CPU
		{CA41244D-B451-4D6D-B502-48A7EA7DBB66}.Debug|Any CPU.Build.0 = Debug|Any CPU
		{CA41244D-B451-4D6D-B502-48A7EA7DBB66}.Release|Any CPU.ActiveCfg = Release|Any CPU
		{CA41244D-B451-4D6D-B502-48A7EA7DBB66}.Release|Any CPU.Build.0 = Release|Any CPU
		{F31A9D98-37ED-4BD6-94EC-8FCAEB3F43B7}.Debug|Any CPU.ActiveCfg = Debug|Any CPU
		{F31A9D98-37ED-4BD6-94EC-8FCAEB3F43B7}.Debug|Any CPU.Build.0 = Debug|Any CPU
		{F31A9D98-37ED-4BD6-94EC-8FCAEB3F43B7}.Release|Any CPU.ActiveCfg = Release|Any CPU
		{F31A9D98-37ED-4BD6-94EC-8FCAEB3F43B7}.Release|Any CPU.Build.0 = Release|Any CPU
		{74FC1E24-4631-455E-85FF-36FDDD5A6F70}.Debug|Any CPU.ActiveCfg = Debug|Any CPU
		{74FC1E24-4631-455E-85FF-36FDDD5A6F70}.Debug|Any CPU.Build.0 = Debug|Any CPU
		{74FC1E24-4631-455E-85FF-36FDDD5A6F70}.Release|Any CPU.ActiveCfg = Release|Any CPU
		{74FC1E24-4631-455E-85FF-36FDDD5A6F70}.Release|Any CPU.Build.0 = Release|Any CPU
		{32904948-91E4-4033-A0D3-26884909473D}.Debug|Any CPU.ActiveCfg = Debug|Any CPU
		{32904948-91E4-4033-A0D3-26884909473D}.Debug|Any CPU.Build.0 = Debug|Any CPU
		{32904948-91E4-4033-A0D3-26884909473D}.Release|Any CPU.ActiveCfg = Release|Any CPU
		{32904948-91E4-4033-A0D3-26884909473D}.Release|Any CPU.Build.0 = Release|Any CPU
		{11F0D241-A36C-4545-B7BB-556F2BCD07A6}.Debug|Any CPU.ActiveCfg = Debug|Any CPU
		{11F0D241-A36C-4545-B7BB-556F2BCD07A6}.Debug|Any CPU.Build.0 = Debug|Any CPU
		{11F0D241-A36C-4545-B7BB-556F2BCD07A6}.Release|Any CPU.ActiveCfg = Release|Any CPU
		{11F0D241-A36C-4545-B7BB-556F2BCD07A6}.Release|Any CPU.Build.0 = Release|Any CPU
	EndGlobalSection
	GlobalSection(SolutionProperties) = preSolution
		HideSolutionNode = FALSE
	EndGlobalSection
	GlobalSection(ExtensibilityGlobals) = postSolution
		SolutionGuid = {CCB3C5DC-A613-49EB-9A16-1DBC51E4D139}
	EndGlobalSection
EndGlobal
